// !$*UTF8*$!
{
	archiveVersion = 1;
	classes = {
	};
	objectVersion = 56;
	objects = {

/* Begin PBXBuildFile section */
		E61120E12C01630B000DC707 /* CoreLocation.swift in Sources */ = {isa = PBXBuildFile; fileRef = E61120E02C01630B000DC707 /* CoreLocation.swift */; };
		E61120E32C016C60000DC707 /* CoreLocation.framework in Frameworks */ = {isa = PBXBuildFile; fileRef = E61120E22C016C5F000DC707 /* CoreLocation.framework */; };
		E64662C12BFFEC8B00E8AC47 /* BluetoothModel.swift in Sources */ = {isa = PBXBuildFile; fileRef = E64662C02BFFEC8B00E8AC47 /* BluetoothModel.swift */; };
		E64662C32BFFED1E00E8AC47 /* Peripheral.swift in Sources */ = {isa = PBXBuildFile; fileRef = E64662C22BFFED1E00E8AC47 /* Peripheral.swift */; };
		EC846B0E2BEDDBEF00D4A430 /* ContentView.swift in Sources */ = {isa = PBXBuildFile; fileRef = EC846B0D2BEDDBEF00D4A430 /* ContentView.swift */; };
		EC846B112BEDDC3D00D4A430 /* Preview Content in Resources */ = {isa = PBXBuildFile; fileRef = EC846B0F2BEDDC3D00D4A430 /* Preview Content */; };
		EC846B122BEDDC3D00D4A430 /* Assets.xcassets in Resources */ = {isa = PBXBuildFile; fileRef = EC846B102BEDDC3D00D4A430 /* Assets.xcassets */; };
		EC8E21352BEDDD73002DD232 /* OceanCleanupControlsApp.swift in Sources */ = {isa = PBXBuildFile; fileRef = EC8E21342BEDDD73002DD232 /* OceanCleanupControlsApp.swift */; };
		ECE2855E2B8959C600F968E9 /* CoreBluetooth.framework in Frameworks */ = {isa = PBXBuildFile; fileRef = ECE2855D2B8959C600F968E9 /* CoreBluetooth.framework */; };
/* End PBXBuildFile section */

/* Begin PBXFileReference section */
		E61120E02C01630B000DC707 /* CoreLocation.swift */ = {isa = PBXFileReference; lastKnownFileType = sourcecode.swift; path = CoreLocation.swift; sourceTree = "<group>"; };
		E61120E22C016C5F000DC707 /* CoreLocation.framework */ = {isa = PBXFileReference; lastKnownFileType = wrapper.framework; name = CoreLocation.framework; path = System/Library/Frameworks/CoreLocation.framework; sourceTree = SDKROOT; };
		E64662C02BFFEC8B00E8AC47 /* BluetoothModel.swift */ = {isa = PBXFileReference; fileEncoding = 4; lastKnownFileType = sourcecode.swift; name = BluetoothModel.swift; path = "../../../Desktop/Ocean Cleanup TO MERGE/BluetoothModel.swift"; sourceTree = "<group>"; };
		E64662C22BFFED1E00E8AC47 /* Peripheral.swift */ = {isa = PBXFileReference; fileEncoding = 4; lastKnownFileType = sourcecode.swift; name = Peripheral.swift; path = "../../../Desktop/Ocean Cleanup TO MERGE/Peripheral.swift"; sourceTree = "<group>"; };
		EC846B0D2BEDDBEF00D4A430 /* ContentView.swift */ = {isa = PBXFileReference; lastKnownFileType = sourcecode.swift; path = ContentView.swift; sourceTree = "<group>"; };
		EC846B0F2BEDDC3D00D4A430 /* Preview Content */ = {isa = PBXFileReference; fileEncoding = 4; lastKnownFileType = text; name = "Preview Content"; path = "Ocean Cleanup Controls/Preview Content"; sourceTree = SOURCE_ROOT; };
		EC846B102BEDDC3D00D4A430 /* Assets.xcassets */ = {isa = PBXFileReference; lastKnownFileType = folder.assetcatalog; name = Assets.xcassets; path = "Ocean Cleanup Controls/Assets.xcassets"; sourceTree = SOURCE_ROOT; };
		EC8E21342BEDDD73002DD232 /* OceanCleanupControlsApp.swift */ = {isa = PBXFileReference; fileEncoding = 4; lastKnownFileType = sourcecode.swift; path = OceanCleanupControlsApp.swift; sourceTree = "<group>"; };
		ECE2852F2B8956F600F968E9 /* OceanCleanupControls.app */ = {isa = PBXFileReference; explicitFileType = wrapper.application; includeInIndex = 0; path = OceanCleanupControls.app; sourceTree = BUILT_PRODUCTS_DIR; };
		ECE2855D2B8959C600F968E9 /* CoreBluetooth.framework */ = {isa = PBXFileReference; lastKnownFileType = wrapper.framework; name = CoreBluetooth.framework; path = System/Library/Frameworks/CoreBluetooth.framework; sourceTree = SDKROOT; };
/* End PBXFileReference section */

/* Begin PBXFrameworksBuildPhase section */
		ECE2852C2B8956F600F968E9 /* Frameworks */ = {
			isa = PBXFrameworksBuildPhase;
			buildActionMask = 2147483647;
			files = (
				E61120E32C016C60000DC707 /* CoreLocation.framework in Frameworks */,
				ECE2855E2B8959C600F968E9 /* CoreBluetooth.framework in Frameworks */,
			);
			runOnlyForDeploymentPostprocessing = 0;
		};
/* End PBXFrameworksBuildPhase section */

/* Begin PBXGroup section */
		ECE285262B8956F500F968E9 = {
			isa = PBXGroup;
			children = (
				ECE285312B8956F600F968E9 /* OceanCleanupControls */,
				ECE285302B8956F600F968E9 /* Products */,
				ECE2855C2B8959C600F968E9 /* Frameworks */,
			);
			sourceTree = "<group>";
		};
		ECE285302B8956F600F968E9 /* Products */ = {
			isa = PBXGroup;
			children = (
				ECE2852F2B8956F600F968E9 /* OceanCleanupControls.app */,
			);
			name = Products;
			sourceTree = "<group>";
		};
		ECE285312B8956F600F968E9 /* OceanCleanupControls */ = {
			isa = PBXGroup;
			children = (
				EC8E21342BEDDD73002DD232 /* OceanCleanupControlsApp.swift */,
				EC846B0D2BEDDBEF00D4A430 /* ContentView.swift */,
				E64662C02BFFEC8B00E8AC47 /* BluetoothModel.swift */,
				E61120E02C01630B000DC707 /* CoreLocation.swift */,
				E64662C22BFFED1E00E8AC47 /* Peripheral.swift */,
				EC846B102BEDDC3D00D4A430 /* Assets.xcassets */,
				EC846B0F2BEDDC3D00D4A430 /* Preview Content */,
			);
			path = OceanCleanupControls;
			sourceTree = "<group>";
		};
		ECE2855C2B8959C600F968E9 /* Frameworks */ = {
			isa = PBXGroup;
			children = (
				E61120E22C016C5F000DC707 /* CoreLocation.framework */,
				ECE2855D2B8959C600F968E9 /* CoreBluetooth.framework */,
			);
			name = Frameworks;
			sourceTree = "<group>";
		};
/* End PBXGroup section */

/* Begin PBXNativeTarget section */
		ECE2852E2B8956F600F968E9 /* OceanCleanupControls */ = {
			isa = PBXNativeTarget;
			buildConfigurationList = ECE285532B8956F900F968E9 /* Build configuration list for PBXNativeTarget "OceanCleanupControls" */;
			buildPhases = (
				ECE2852B2B8956F600F968E9 /* Sources */,
				ECE2852C2B8956F600F968E9 /* Frameworks */,
				ECE2852D2B8956F600F968E9 /* Resources */,
			);
			buildRules = (
			);
			dependencies = (
			);
			name = OceanCleanupControls;
			productName = SubROVControls;
			productReference = ECE2852F2B8956F600F968E9 /* OceanCleanupControls.app */;
			productType = "com.apple.product-type.application";
		};
/* End PBXNativeTarget section */

/* Begin PBXProject section */
		ECE285272B8956F500F968E9 /* Project object */ = {
			isa = PBXProject;
			attributes = {
				BuildIndependentTargetsInParallel = 1;
				LastSwiftUpdateCheck = 1520;
				LastUpgradeCheck = 1520;
				TargetAttributes = {
					ECE2852E2B8956F600F968E9 = {
						CreatedOnToolsVersion = 15.2;
					};
				};
			};
			buildConfigurationList = ECE2852A2B8956F500F968E9 /* Build configuration list for PBXProject "OceanCleanupControls" */;
			compatibilityVersion = "Xcode 14.0";
			developmentRegion = en;
			hasScannedForEncodings = 0;
			knownRegions = (
				en,
				Base,
			);
			mainGroup = ECE285262B8956F500F968E9;
			productRefGroup = ECE285302B8956F600F968E9 /* Products */;
			projectDirPath = "";
			projectRoot = "";
			targets = (
				ECE2852E2B8956F600F968E9 /* OceanCleanupControls */,
			);
		};
/* End PBXProject section */

/* Begin PBXResourcesBuildPhase section */
		ECE2852D2B8956F600F968E9 /* Resources */ = {
			isa = PBXResourcesBuildPhase;
			buildActionMask = 2147483647;
			files = (
				EC846B112BEDDC3D00D4A430 /* Preview Content in Resources */,
				EC846B122BEDDC3D00D4A430 /* Assets.xcassets in Resources */,
			);
			runOnlyForDeploymentPostprocessing = 0;
		};
/* End PBXResourcesBuildPhase section */

/* Begin PBXSourcesBuildPhase section */
		ECE2852B2B8956F600F968E9 /* Sources */ = {
			isa = PBXSourcesBuildPhase;
			buildActionMask = 2147483647;
			files = (
				EC846B0E2BEDDBEF00D4A430 /* ContentView.swift in Sources */,
				E61120E12C01630B000DC707 /* CoreLocation.swift in Sources */,
				EC8E21352BEDDD73002DD232 /* OceanCleanupControlsApp.swift in Sources */,
				E64662C12BFFEC8B00E8AC47 /* BluetoothModel.swift in Sources */,
				E64662C32BFFED1E00E8AC47 /* Peripheral.swift in Sources */,
			);
			runOnlyForDeploymentPostprocessing = 0;
		};
/* End PBXSourcesBuildPhase section */

/* Begin XCBuildConfiguration section */
		ECE285512B8956F900F968E9 /* Debug */ = {
			isa = XCBuildConfiguration;
			buildSettings = {
				ALWAYS_SEARCH_USER_PATHS = NO;
				ASSETCATALOG_COMPILER_GENERATE_SWIFT_ASSET_SYMBOL_EXTENSIONS = YES;
				CLANG_ANALYZER_NONNULL = YES;
				CLANG_ANALYZER_NUMBER_OBJECT_CONVERSION = YES_AGGRESSIVE;
				CLANG_CXX_LANGUAGE_STANDARD = "gnu++20";
				CLANG_ENABLE_MODULES = YES;
				CLANG_ENABLE_OBJC_ARC = YES;
				CLANG_ENABLE_OBJC_WEAK = YES;
				CLANG_WARN_BLOCK_CAPTURE_AUTORELEASING = YES;
				CLANG_WARN_BOOL_CONVERSION = YES;
				CLANG_WARN_COMMA = YES;
				CLANG_WARN_CONSTANT_CONVERSION = YES;
				CLANG_WARN_DEPRECATED_OBJC_IMPLEMENTATIONS = YES;
				CLANG_WARN_DIRECT_OBJC_ISA_USAGE = YES_ERROR;
				CLANG_WARN_DOCUMENTATION_COMMENTS = YES;
				CLANG_WARN_EMPTY_BODY = YES;
				CLANG_WARN_ENUM_CONVERSION = YES;
				CLANG_WARN_INFINITE_RECURSION = YES;
				CLANG_WARN_INT_CONVERSION = YES;
				CLANG_WARN_NON_LITERAL_NULL_CONVERSION = YES;
				CLANG_WARN_OBJC_IMPLICIT_RETAIN_SELF = YES;
				CLANG_WARN_OBJC_LITERAL_CONVERSION = YES;
				CLANG_WARN_OBJC_ROOT_CLASS = YES_ERROR;
				CLANG_WARN_QUOTED_INCLUDE_IN_FRAMEWORK_HEADER = YES;
				CLANG_WARN_RANGE_LOOP_ANALYSIS = YES;
				CLANG_WARN_STRICT_PROTOTYPES = YES;
				CLANG_WARN_SUSPICIOUS_MOVE = YES;
				CLANG_WARN_UNGUARDED_AVAILABILITY = YES_AGGRESSIVE;
				CLANG_WARN_UNREACHABLE_CODE = YES;
				CLANG_WARN__DUPLICATE_METHOD_MATCH = YES;
				COPY_PHASE_STRIP = NO;
				DEBUG_INFORMATION_FORMAT = dwarf;
				ENABLE_STRICT_OBJC_MSGSEND = YES;
				ENABLE_TESTABILITY = YES;
				ENABLE_USER_SCRIPT_SANDBOXING = YES;
				GCC_C_LANGUAGE_STANDARD = gnu17;
				GCC_DYNAMIC_NO_PIC = NO;
				GCC_NO_COMMON_BLOCKS = YES;
				GCC_OPTIMIZATION_LEVEL = 0;
				GCC_PREPROCESSOR_DEFINITIONS = (
					"DEBUG=1",
					"$(inherited)",
				);
				GCC_WARN_64_TO_32_BIT_CONVERSION = YES;
				GCC_WARN_ABOUT_RETURN_TYPE = YES_ERROR;
				GCC_WARN_UNDECLARED_SELECTOR = YES;
				GCC_WARN_UNINITIALIZED_AUTOS = YES_AGGRESSIVE;
				GCC_WARN_UNUSED_FUNCTION = YES;
				GCC_WARN_UNUSED_VARIABLE = YES;
				IPHONEOS_DEPLOYMENT_TARGET = 15.0;
				LOCALIZATION_PREFERS_STRING_CATALOGS = YES;
				MTL_ENABLE_DEBUG_INFO = INCLUDE_SOURCE;
				MTL_FAST_MATH = YES;
				ONLY_ACTIVE_ARCH = YES;
				SDKROOT = iphoneos;
				SWIFT_ACTIVE_COMPILATION_CONDITIONS = "DEBUG $(inherited)";
				SWIFT_OPTIMIZATION_LEVEL = "-Onone";
			};
			name = Debug;
		};
		ECE285522B8956F900F968E9 /* Release */ = {
			isa = XCBuildConfiguration;
			buildSettings = {
				ALWAYS_SEARCH_USER_PATHS = NO;
				ASSETCATALOG_COMPILER_GENERATE_SWIFT_ASSET_SYMBOL_EXTENSIONS = YES;
				CLANG_ANALYZER_NONNULL = YES;
				CLANG_ANALYZER_NUMBER_OBJECT_CONVERSION = YES_AGGRESSIVE;
				CLANG_CXX_LANGUAGE_STANDARD = "gnu++20";
				CLANG_ENABLE_MODULES = YES;
				CLANG_ENABLE_OBJC_ARC = YES;
				CLANG_ENABLE_OBJC_WEAK = YES;
				CLANG_WARN_BLOCK_CAPTURE_AUTORELEASING = YES;
				CLANG_WARN_BOOL_CONVERSION = YES;
				CLANG_WARN_COMMA = YES;
				CLANG_WARN_CONSTANT_CONVERSION = YES;
				CLANG_WARN_DEPRECATED_OBJC_IMPLEMENTATIONS = YES;
				CLANG_WARN_DIRECT_OBJC_ISA_USAGE = YES_ERROR;
				CLANG_WARN_DOCUMENTATION_COMMENTS = YES;
				CLANG_WARN_EMPTY_BODY = YES;
				CLANG_WARN_ENUM_CONVERSION = YES;
				CLANG_WARN_INFINITE_RECURSION = YES;
				CLANG_WARN_INT_CONVERSION = YES;
				CLANG_WARN_NON_LITERAL_NULL_CONVERSION = YES;
				CLANG_WARN_OBJC_IMPLICIT_RETAIN_SELF = YES;
				CLANG_WARN_OBJC_LITERAL_CONVERSION = YES;
				CLANG_WARN_OBJC_ROOT_CLASS = YES_ERROR;
				CLANG_WARN_QUOTED_INCLUDE_IN_FRAMEWORK_HEADER = YES;
				CLANG_WARN_RANGE_LOOP_ANALYSIS = YES;
				CLANG_WARN_STRICT_PROTOTYPES = YES;
				CLANG_WARN_SUSPICIOUS_MOVE = YES;
				CLANG_WARN_UNGUARDED_AVAILABILITY = YES_AGGRESSIVE;
				CLANG_WARN_UNREACHABLE_CODE = YES;
				CLANG_WARN__DUPLICATE_METHOD_MATCH = YES;
				COPY_PHASE_STRIP = NO;
				DEBUG_INFORMATION_FORMAT = "dwarf-with-dsym";
				ENABLE_NS_ASSERTIONS = NO;
				ENABLE_STRICT_OBJC_MSGSEND = YES;
				ENABLE_USER_SCRIPT_SANDBOXING = YES;
				GCC_C_LANGUAGE_STANDARD = gnu17;
				GCC_NO_COMMON_BLOCKS = YES;
				GCC_WARN_64_TO_32_BIT_CONVERSION = YES;
				GCC_WARN_ABOUT_RETURN_TYPE = YES_ERROR;
				GCC_WARN_UNDECLARED_SELECTOR = YES;
				GCC_WARN_UNINITIALIZED_AUTOS = YES_AGGRESSIVE;
				GCC_WARN_UNUSED_FUNCTION = YES;
				GCC_WARN_UNUSED_VARIABLE = YES;
				IPHONEOS_DEPLOYMENT_TARGET = 15.0;
				LOCALIZATION_PREFERS_STRING_CATALOGS = YES;
				MTL_ENABLE_DEBUG_INFO = NO;
				MTL_FAST_MATH = YES;
				SDKROOT = iphoneos;
				SWIFT_COMPILATION_MODE = wholemodule;
				VALIDATE_PRODUCT = YES;
			};
			name = Release;
		};
		ECE285542B8956F900F968E9 /* Debug */ = {
			isa = XCBuildConfiguration;
			buildSettings = {
				ASSETCATALOG_COMPILER_APPICON_NAME = AppIcon;
				ASSETCATALOG_COMPILER_GLOBAL_ACCENT_COLOR_NAME = AccentColor;
				CODE_SIGN_STYLE = Automatic;
				CURRENT_PROJECT_VERSION = 1;
				DEVELOPMENT_ASSET_PATHS = "\"OceanCleanupControls/Preview Content\"";
				DEVELOPMENT_TEAM = B7ZFP4T9F9;
				ENABLE_PREVIEWS = YES;
				GENERATE_INFOPLIST_FILE = YES;
				INFOPLIST_KEY_NSBluetoothAlwaysUsageDescription = "Allow to interact with Bluetooth devices";
				INFOPLIST_KEY_NSLocationAlwaysAndWhenInUseUsageDescription = "Allow to enable location based services";
				INFOPLIST_KEY_NSLocationAlwaysUsageDescription = "Allow to use location-based services";
				INFOPLIST_KEY_NSLocationWhenInUseUsageDescription = "Allow to enable location based services";
				INFOPLIST_KEY_UIApplicationSceneManifest_Generation = YES;
				INFOPLIST_KEY_UIApplicationSupportsIndirectInputEvents = YES;
				INFOPLIST_KEY_UILaunchScreen_Generation = YES;
				INFOPLIST_KEY_UISupportedInterfaceOrientations = UIInterfaceOrientationPortrait;
				IPHONEOS_DEPLOYMENT_TARGET = 16.0;
				LD_RUNPATH_SEARCH_PATHS = (
					"$(inherited)",
					"@executable_path/Frameworks",
				);
				MARKETING_VERSION = 1.0;
				PRODUCT_BUNDLE_IDENTIFIER = ucd.OceanCleanupControls;
				PRODUCT_NAME = "$(TARGET_NAME)";
				SWIFT_EMIT_LOC_STRINGS = YES;
				SWIFT_VERSION = 5.0;
				TARGETED_DEVICE_FAMILY = "1,2";
			};
			name = Debug;
		};
		ECE285552B8956F900F968E9 /* Release */ = {
			isa = XCBuildConfiguration;
			buildSettings = {
				ASSETCATALOG_COMPILER_APPICON_NAME = AppIcon;
				ASSETCATALOG_COMPILER_GLOBAL_ACCENT_COLOR_NAME = AccentColor;
				CODE_SIGN_STYLE = Automatic;
				CURRENT_PROJECT_VERSION = 1;
				DEVELOPMENT_ASSET_PATHS = "\"OceanCleanupControls/Preview Content\"";
				DEVELOPMENT_TEAM = B7ZFP4T9F9;
				ENABLE_PREVIEWS = YES;
				GENERATE_INFOPLIST_FILE = YES;
				INFOPLIST_KEY_NSBluetoothAlwaysUsageDescription = "Allow to interact with Bluetooth devices";
				INFOPLIST_KEY_NSLocationAlwaysAndWhenInUseUsageDescription = "Allow to enable location based services";
				INFOPLIST_KEY_NSLocationAlwaysUsageDescription = "Allow to use location-based services";
				INFOPLIST_KEY_NSLocationWhenInUseUsageDescription = "Allow to enable location based services";
				INFOPLIST_KEY_UIApplicationSceneManifest_Generation = YES;
				INFOPLIST_KEY_UIApplicationSupportsIndirectInputEvents = YES;
				INFOPLIST_KEY_UILaunchScreen_Generation = YES;
				INFOPLIST_KEY_UISupportedInterfaceOrientations = UIInterfaceOrientationPortrait;
				IPHONEOS_DEPLOYMENT_TARGET = 16.0;
				LD_RUNPATH_SEARCH_PATHS = (
					"$(inherited)",
					"@executable_path/Frameworks",
				);
				MARKETING_VERSION = 1.0;
				PRODUCT_BUNDLE_IDENTIFIER = ucd.OceanCleanupControls;
				PRODUCT_NAME = "$(TARGET_NAME)";
				SWIFT_EMIT_LOC_STRINGS = YES;
				SWIFT_VERSION = 5.0;
				TARGETED_DEVICE_FAMILY = "1,2";
			};
			name = Release;
		};
/* End XCBuildConfiguration section */

/* Begin XCConfigurationList section */
		ECE2852A2B8956F500F968E9 /* Build configuration list for PBXProject "OceanCleanupControls" */ = {
			isa = XCConfigurationList;
			buildConfigurations = (
				ECE285512B8956F900F968E9 /* Debug */,
				ECE285522B8956F900F968E9 /* Release */,
			);
			defaultConfigurationIsVisible = 0;
			defaultConfigurationName = Release;
		};
		ECE285532B8956F900F968E9 /* Build configuration list for PBXNativeTarget "OceanCleanupControls" */ = {
			isa = XCConfigurationList;
			buildConfigurations = (
				ECE285542B8956F900F968E9 /* Debug */,
				ECE285552B8956F900F968E9 /* Release */,
			);
			defaultConfigurationIsVisible = 0;
			defaultConfigurationName = Release;
		};
/* End XCConfigurationList section */
	};
	rootObject = ECE285272B8956F500F968E9 /* Project object */;
}
